
Microsoft Visual Studio Solution File, Format Version 12.00
# Visual Studio Version 17
VisualStudioVersion = 17.3.32811.315
MinimumVisualStudioVersion = 10.0.40219.1
Project("{FAE04EC0-301F-11D3-BF4B-00C04F79EFBC}") = "EnergyServer", "EnergyServer\EnergyServer.csproj", "{EB5AA456-D917-4A9B-88D0-6CA279992739}"
EndProject
Global
	GlobalSection(SolutionConfigurationPlatforms) = preSolution
		Debug|Any CPU = Debug|Any CPU
		Release|Any CPU = Release|Any CPU
	EndGlobalSection
	GlobalSection(ProjectConfigurationPlatforms) = postSolution
		{EB5AA456-D917-4A9B-88D0-6CA279992739}.Debug|Any CPU.ActiveCfg = Debug|Any CPU
		{EB5AA456-D917-4A9B-88D0-6CA279992739}.Debug|Any CPU.Build.0 = Debug|Any CPU
		{EB5AA456-D917-4A9B-88D0-6CA279992739}.Release|Any CPU.ActiveCfg = Release|Any CPU
		{EB5AA456-D917-4A9B-88D0-6CA279992739}.Release|Any CPU.Build.0 = Release|Any CPU
	EndGlobalSection
	GlobalSection(SolutionProperties) = preSolution
		HideSolutionNode = FALSE
	EndGlobalSection
	GlobalSection(ExtensibilityGlobals) = postSolution
		SolutionGuid = {CB4FF8A7-1CCA-4EAA-84C2-522297B5F9AE}
	EndGlobalSection
EndGlobal
